
Microsoft Visual Studio Solution File, Format Version 12.00
# Visual Studio Version 17
VisualStudioVersion = 17.5.002.0
MinimumVisualStudioVersion = 10.0.40219.1
Project("{9A19103F-16F7-4668-BE54-9A1E7A4F7556}") = "e-commerce-core", "e-commerce-core\e-commerce-core.csproj", "{E5F27D26-7838-48CA-BBD7-7306E3BFBBA6}"
EndProject
Project("{9A19103F-16F7-4668-BE54-9A1E7A4F7556}") = "e-commerce-data", "e-commerce-data\e-commerce-data.csproj", "{D93F574A-AED0-4B06-9D30-AA975E244011}"
EndProject
Project("{9A19103F-16F7-4668-BE54-9A1E7A4F7556}") = "e-commerce-service", "e-commerce-service\e-commerce-service.csproj", "{46B731CB-B622-4542-9CFB-B27EDD6243E4}"
EndProject
Project("{9A19103F-16F7-4668-BE54-9A1E7A4F7556}") = "e-commerce-web-application", "e-commerce-WEB-UI\e-commerce-web-application.csproj", "{4DC25E71-AE47-48C0-856E-9AEA41AA092B}"
EndProject
Global
	GlobalSection(SolutionConfigurationPlatforms) = preSolution
		Debug|Any CPU = Debug|Any CPU
		Release|Any CPU = Release|Any CPU
	EndGlobalSection
	GlobalSection(ProjectConfigurationPlatforms) = postSolution
		{E5F27D26-7838-48CA-BBD7-7306E3BFBBA6}.Debug|Any CPU.ActiveCfg = Debug|Any CPU
		{E5F27D26-7838-48CA-BBD7-7306E3BFBBA6}.Debug|Any CPU.Build.0 = Debug|Any CPU
		{E5F27D26-7838-48CA-BBD7-7306E3BFBBA6}.Release|Any CPU.ActiveCfg = Release|Any CPU
		{E5F27D26-7838-48CA-BBD7-7306E3BFBBA6}.Release|Any CPU.Build.0 = Release|Any CPU
		{D93F574A-AED0-4B06-9D30-AA975E244011}.Debug|Any CPU.ActiveCfg = Debug|Any CPU
		{D93F574A-AED0-4B06-9D30-AA975E244011}.Debug|Any CPU.Build.0 = Debug|Any CPU
		{D93F574A-AED0-4B06-9D30-AA975E244011}.Release|Any CPU.ActiveCfg = Release|Any CPU
		{D93F574A-AED0-4B06-9D30-AA975E244011}.Release|Any CPU.Build.0 = Release|Any CPU
		{46B731CB-B622-4542-9CFB-B27EDD6243E4}.Debug|Any CPU.ActiveCfg = Debug|Any CPU
		{46B731CB-B622-4542-9CFB-B27EDD6243E4}.Debug|Any CPU.Build.0 = Debug|Any CPU
		{46B731CB-B622-4542-9CFB-B27EDD6243E4}.Release|Any CPU.ActiveCfg = Release|Any CPU
		{46B731CB-B622-4542-9CFB-B27EDD6243E4}.Release|Any CPU.Build.0 = Release|Any CPU
		{4DC25E71-AE47-48C0-856E-9AEA41AA092B}.Debug|Any CPU.ActiveCfg = Debug|Any CPU
		{4DC25E71-AE47-48C0-856E-9AEA41AA092B}.Debug|Any CPU.Build.0 = Debug|Any CPU
		{4DC25E71-AE47-48C0-856E-9AEA41AA092B}.Release|Any CPU.ActiveCfg = Release|Any CPU
		{4DC25E71-AE47-48C0-856E-9AEA41AA092B}.Release|Any CPU.Build.0 = Release|Any CPU
	EndGlobalSection
	GlobalSection(SolutionProperties) = preSolution
		HideSolutionNode = FALSE
	EndGlobalSection
	GlobalSection(ExtensibilityGlobals) = postSolution
		SolutionGuid = {59299780-2765-43F6-95E2-9822563AC77A}
	EndGlobalSection
EndGlobal
